
Microsoft Visual Studio Solution File, Format Version 12.00
# Visual Studio Version 17
VisualStudioVersion = 17.0.31903.59
MinimumVisualStudioVersion = 10.0.40219.1
Project("{2150E333-8FDC-42A3-9474-1A3956D46DE8}") = "src", "src", "{827E0CD3-B72D-47B6-A68D-7590B98EB39B}"
EndProject
Project("{FAE04EC0-301F-11D3-BF4B-00C04F79EFBC}") = "Api", "src\Api\Api.csproj", "{5F71DE6E-E48C-44B1-BBEA-6B7CBC9CAAB5}"
EndProject
Project("{FAE04EC0-301F-11D3-BF4B-00C04F79EFBC}") = "Application", "src\Application\Application.csproj", "{59F5B1F9-703C-492B-8315-3F7CE9A8AD55}"
EndProject
Project("{FAE04EC0-301F-11D3-BF4B-00C04F79EFBC}") = "Domain", "src\Domain\Domain.csproj", "{959A0B1C-2694-41F6-A56A-54DCAB205157}"
EndProject
Project("{FAE04EC0-301F-11D3-BF4B-00C04F79EFBC}") = "Infrastructure", "src\Infrastructure\Infrastructure.csproj", "{59BE452F-DAA6-4BE1-A2C7-B5BE1722DA3A}"
EndProject
Global
	GlobalSection(SolutionConfigurationPlatforms) = preSolution
		Debug|Any CPU = Debug|Any CPU
		Debug|x64 = Debug|x64
		Debug|x86 = Debug|x86
		Release|Any CPU = Release|Any CPU
		Release|x64 = Release|x64
		Release|x86 = Release|x86
	EndGlobalSection
	GlobalSection(ProjectConfigurationPlatforms) = postSolution
		{5F71DE6E-E48C-44B1-BBEA-6B7CBC9CAAB5}.Debug|Any CPU.ActiveCfg = Debug|Any CPU
		{5F71DE6E-E48C-44B1-BBEA-6B7CBC9CAAB5}.Debug|Any CPU.Build.0 = Debug|Any CPU
		{5F71DE6E-E48C-44B1-BBEA-6B7CBC9CAAB5}.Debug|x64.ActiveCfg = Debug|Any CPU
		{5F71DE6E-E48C-44B1-BBEA-6B7CBC9CAAB5}.Debug|x64.Build.0 = Debug|Any CPU
		{5F71DE6E-E48C-44B1-BBEA-6B7CBC9CAAB5}.Debug|x86.ActiveCfg = Debug|Any CPU
		{5F71DE6E-E48C-44B1-BBEA-6B7CBC9CAAB5}.Debug|x86.Build.0 = Debug|Any CPU
		{5F71DE6E-E48C-44B1-BBEA-6B7CBC9CAAB5}.Release|Any CPU.ActiveCfg = Release|Any CPU
		{5F71DE6E-E48C-44B1-BBEA-6B7CBC9CAAB5}.Release|Any CPU.Build.0 = Release|Any CPU
		{5F71DE6E-E48C-44B1-BBEA-6B7CBC9CAAB5}.Release|x64.ActiveCfg = Release|Any CPU
		{5F71DE6E-E48C-44B1-BBEA-6B7CBC9CAAB5}.Release|x64.Build.0 = Release|Any CPU
		{5F71DE6E-E48C-44B1-BBEA-6B7CBC9CAAB5}.Release|x86.ActiveCfg = Release|Any CPU
		{5F71DE6E-E48C-44B1-BBEA-6B7CBC9CAAB5}.Release|x86.Build.0 = Release|Any CPU
		{59F5B1F9-703C-492B-8315-3F7CE9A8AD55}.Debug|Any CPU.ActiveCfg = Debug|Any CPU
		{59F5B1F9-703C-492B-8315-3F7CE9A8AD55}.Debug|Any CPU.Build.0 = Debug|Any CPU
		{59F5B1F9-703C-492B-8315-3F7CE9A8AD55}.Debug|x64.ActiveCfg = Debug|Any CPU
		{59F5B1F9-703C-492B-8315-3F7CE9A8AD55}.Debug|x64.Build.0 = Debug|Any CPU
		{59F5B1F9-703C-492B-8315-3F7CE9A8AD55}.Debug|x86.ActiveCfg = Debug|Any CPU
		{59F5B1F9-703C-492B-8315-3F7CE9A8AD55}.Debug|x86.Build.0 = Debug|Any CPU
		{59F5B1F9-703C-492B-8315-3F7CE9A8AD55}.Release|Any CPU.ActiveCfg = Release|Any CPU
		{59F5B1F9-703C-492B-8315-3F7CE9A8AD55}.Release|Any CPU.Build.0 = Release|Any CPU
		{59F5B1F9-703C-492B-8315-3F7CE9A8AD55}.Release|x64.ActiveCfg = Release|Any CPU
		{59F5B1F9-703C-492B-8315-3F7CE9A8AD55}.Release|x64.Build.0 = Release|Any CPU
		{59F5B1F9-703C-492B-8315-3F7CE9A8AD55}.Release|x86.ActiveCfg = Release|Any CPU
		{59F5B1F9-703C-492B-8315-3F7CE9A8AD55}.Release|x86.Build.0 = Release|Any CPU
		{959A0B1C-2694-41F6-A56A-54DCAB205157}.Debug|Any CPU.ActiveCfg = Debug|Any CPU
		{959A0B1C-2694-41F6-A56A-54DCAB205157}.Debug|Any CPU.Build.0 = Debug|Any CPU
		{959A0B1C-2694-41F6-A56A-54DCAB205157}.Debug|x64.ActiveCfg = Debug|Any CPU
		{959A0B1C-2694-41F6-A56A-54DCAB205157}.Debug|x64.Build.0 = Debug|Any CPU
		{959A0B1C-2694-41F6-A56A-54DCAB205157}.Debug|x86.ActiveCfg = Debug|Any CPU
		{959A0B1C-2694-41F6-A56A-54DCAB205157}.Debug|x86.Build.0 = Debug|Any CPU
		{959A0B1C-2694-41F6-A56A-54DCAB205157}.Release|Any CPU.ActiveCfg = Release|Any CPU
		{959A0B1C-2694-41F6-A56A-54DCAB205157}.Release|Any CPU.Build.0 = Release|Any CPU
		{959A0B1C-2694-41F6-A56A-54DCAB205157}.Release|x64.ActiveCfg = Release|Any CPU
		{959A0B1C-2694-41F6-A56A-54DCAB205157}.Release|x64.Build.0 = Release|Any CPU
		{959A0B1C-2694-41F6-A56A-54DCAB205157}.Release|x86.ActiveCfg = Release|Any CPU
		{959A0B1C-2694-41F6-A56A-54DCAB205157}.Release|x86.Build.0 = Release|Any CPU
		{59BE452F-DAA6-4BE1-A2C7-B5BE1722DA3A}.Debug|Any CPU.ActiveCfg = Debug|Any CPU
		{59BE452F-DAA6-4BE1-A2C7-B5BE1722DA3A}.Debug|Any CPU.Build.0 = Debug|Any CPU
		{59BE452F-DAA6-4BE1-A2C7-B5BE1722DA3A}.Debug|x64.ActiveCfg = Debug|Any CPU
		{59BE452F-DAA6-4BE1-A2C7-B5BE1722DA3A}.Debug|x64.Build.0 = Debug|Any CPU
		{59BE452F-DAA6-4BE1-A2C7-B5BE1722DA3A}.Debug|x86.ActiveCfg = Debug|Any CPU
		{59BE452F-DAA6-4BE1-A2C7-B5BE1722DA3A}.Debug|x86.Build.0 = Debug|Any CPU
		{59BE452F-DAA6-4BE1-A2C7-B5BE1722DA3A}.Release|Any CPU.ActiveCfg = Release|Any CPU
		{59BE452F-DAA6-4BE1-A2C7-B5BE1722DA3A}.Release|Any CPU.Build.0 = Release|Any CPU
		{59BE452F-DAA6-4BE1-A2C7-B5BE1722DA3A}.Release|x64.ActiveCfg = Release|Any CPU
		{59BE452F-DAA6-4BE1-A2C7-B5BE1722DA3A}.Release|x64.Build.0 = Release|Any CPU
		{59BE452F-DAA6-4BE1-A2C7-B5BE1722DA3A}.Release|x86.ActiveCfg = Release|Any CPU
		{59BE452F-DAA6-4BE1-A2C7-B5BE1722DA3A}.Release|x86.Build.0 = Release|Any CPU
	EndGlobalSection
	GlobalSection(SolutionProperties) = preSolution
		HideSolutionNode = FALSE
	EndGlobalSection
	GlobalSection(NestedProjects) = preSolution
		{5F71DE6E-E48C-44B1-BBEA-6B7CBC9CAAB5} = {827E0CD3-B72D-47B6-A68D-7590B98EB39B}
		{59F5B1F9-703C-492B-8315-3F7CE9A8AD55} = {827E0CD3-B72D-47B6-A68D-7590B98EB39B}
		{959A0B1C-2694-41F6-A56A-54DCAB205157} = {827E0CD3-B72D-47B6-A68D-7590B98EB39B}
		{59BE452F-DAA6-4BE1-A2C7-B5BE1722DA3A} = {827E0CD3-B72D-47B6-A68D-7590B98EB39B}
	EndGlobalSection
EndGlobal
